
Microsoft Visual Studio Solution File, Format Version 12.00
# Visual Studio 14
VisualStudioVersion = 14.0.25123.0
MinimumVisualStudioVersion = 10.0.40219.1
Project("{FAE04EC0-301F-11D3-BF4B-00C04F79EFBC}") = "AISA", "AISA\AISA.csproj", "{84F309A6-D911-454E-AAE3-1B0E163D1447}"
EndProject
Project("{FAE04EC0-301F-11D3-BF4B-00C04F79EFBC}") = "Scholar", "..\Scholar\Scholar.csproj", "{E74E1EC2-3E1B-4655-B451-5D04B4EC2ABE}"
EndProject
Project("{FAE04EC0-301F-11D3-BF4B-00C04F79EFBC}") = "AISA-API", "AISA-API\AISA-API.csproj", "{7D11C2D0-5AB3-414B-8FB4-4CCEDC657821}"
EndProject
Global
	GlobalSection(SolutionConfigurationPlatforms) = preSolution
		Debug|Any CPU = Debug|Any CPU
		Release|Any CPU = Release|Any CPU
	EndGlobalSection
	GlobalSection(ProjectConfigurationPlatforms) = postSolution
		{84F309A6-D911-454E-AAE3-1B0E163D1447}.Debug|Any CPU.ActiveCfg = Debug|Any CPU
		{84F309A6-D911-454E-AAE3-1B0E163D1447}.Debug|Any CPU.Build.0 = Debug|Any CPU
		{84F309A6-D911-454E-AAE3-1B0E163D1447}.Release|Any CPU.ActiveCfg = Release|Any CPU
		{84F309A6-D911-454E-AAE3-1B0E163D1447}.Release|Any CPU.Build.0 = Release|Any CPU
		{E74E1EC2-3E1B-4655-B451-5D04B4EC2ABE}.Debug|Any CPU.ActiveCfg = Debug|Any CPU
		{E74E1EC2-3E1B-4655-B451-5D04B4EC2ABE}.Debug|Any CPU.Build.0 = Debug|Any CPU
		{E74E1EC2-3E1B-4655-B451-5D04B4EC2ABE}.Release|Any CPU.ActiveCfg = Release|Any CPU
		{E74E1EC2-3E1B-4655-B451-5D04B4EC2ABE}.Release|Any CPU.Build.0 = Release|Any CPU
		{7D11C2D0-5AB3-414B-8FB4-4CCEDC657821}.Debug|Any CPU.ActiveCfg = Debug|Any CPU
		{7D11C2D0-5AB3-414B-8FB4-4CCEDC657821}.Debug|Any CPU.Build.0 = Debug|Any CPU
		{7D11C2D0-5AB3-414B-8FB4-4CCEDC657821}.Release|Any CPU.ActiveCfg = Release|Any CPU
		{7D11C2D0-5AB3-414B-8FB4-4CCEDC657821}.Release|Any CPU.Build.0 = Release|Any CPU
	EndGlobalSection
	GlobalSection(SolutionProperties) = preSolution
		HideSolutionNode = FALSE
	EndGlobalSection
EndGlobal
